
Microsoft Visual Studio Solution File, Format Version 12.00
# Visual Studio Version 17
VisualStudioVersion = 17.13.35931.197 d17.13
MinimumVisualStudioVersion = 10.0.40219.1
Project("{FAE04EC0-301F-11D3-BF4B-00C04F79EFBC}") = "BlogApi", "BlogApi\BlogApi.csproj", "{01137297-84FD-4845-918D-671D87F48CAF}"
EndProject
Global
	GlobalSection(SolutionConfigurationPlatforms) = preSolution
		Debug|Any CPU = Debug|Any CPU
		Release|Any CPU = Release|Any CPU
	EndGlobalSection
	GlobalSection(ProjectConfigurationPlatforms) = postSolution
		{01137297-84FD-4845-918D-671D87F48CAF}.Debug|Any CPU.ActiveCfg = Debug|Any CPU
		{01137297-84FD-4845-918D-671D87F48CAF}.Debug|Any CPU.Build.0 = Debug|Any CPU
		{01137297-84FD-4845-918D-671D87F48CAF}.Release|Any CPU.ActiveCfg = Release|Any CPU
		{01137297-84FD-4845-918D-671D87F48CAF}.Release|Any CPU.Build.0 = Release|Any CPU
	EndGlobalSection
	GlobalSection(SolutionProperties) = preSolution
		HideSolutionNode = FALSE
	EndGlobalSection
	GlobalSection(ExtensibilityGlobals) = postSolution
		SolutionGuid = {68DBB703-D34B-4A6C-B49C-F1CEEB0B2EBD}
	EndGlobalSection
EndGlobal
